// !$*UTF8*$!
{
	archiveVersion = 1;
	classes = {
	};
	objectVersion = 56;
	objects = {

/* Begin PBXBuildFile section */
		C340723B2A690F4F00E5C9A4 /* UIColorManager.swift in Sources */ = {isa = PBXBuildFile; fileRef = C340723A2A690F4F00E5C9A4 /* UIColorManager.swift */; };
		C34EC0702986694900300585 /* Results.swift in Sources */ = {isa = PBXBuildFile; fileRef = C34EC06F2986694900300585 /* Results.swift */; };
		C36773F1296BF9E10096BCC5 /* QuizOfFlagsViewController.swift in Sources */ = {isa = PBXBuildFile; fileRef = C36773F0296BF9E10096BCC5 /* QuizOfFlagsViewController.swift */; };
		C36773F3296C3B880096BCC5 /* Transition.swift in Sources */ = {isa = PBXBuildFile; fileRef = C36773F2296C3B880096BCC5 /* Transition.swift */; };
		C36F58F82A7288FB0023E98F /* UIButton + Extension.swift in Sources */ = {isa = PBXBuildFile; fileRef = C36F58F72A7288FB0023E98F /* UIButton + Extension.swift */; };
		C376AC072947261D00DE5E86 /* Setting.swift in Sources */ = {isa = PBXBuildFile; fileRef = C376AC062947261D00DE5E86 /* Setting.swift */; };
		C376AC0929474EB400DE5E86 /* StorageManager.swift in Sources */ = {isa = PBXBuildFile; fileRef = C376AC0829474EB400DE5E86 /* StorageManager.swift */; };
		C38139EB293C9A890067D374 /* echorevival.otf in Resources */ = {isa = PBXBuildFile; fileRef = C38139EA293C9A890067D374 /* echorevival.otf */; };
		C38C023F2981025C008C2202 /* ResultsViewController.swift in Sources */ = {isa = PBXBuildFile; fileRef = C38C023E2981025C008C2202 /* ResultsViewController.swift */; };
		C3B35F20293FADC300A8493F /* fontick.otf in Resources */ = {isa = PBXBuildFile; fileRef = C3B35F1F293FADC300A8493F /* fontick.otf */; };
		C3D292EB293F5F0900786752 /* SettingViewController.swift in Sources */ = {isa = PBXBuildFile; fileRef = C3D292EA293F5F0900786752 /* SettingViewController.swift */; };
		C3E2EB302938E7F300AB40AD /* AppDelegate.swift in Sources */ = {isa = PBXBuildFile; fileRef = C3E2EB2F2938E7F300AB40AD /* AppDelegate.swift */; };
		C3E2EB322938E7F300AB40AD /* SceneDelegate.swift in Sources */ = {isa = PBXBuildFile; fileRef = C3E2EB312938E7F300AB40AD /* SceneDelegate.swift */; };
		C3E2EB342938E7F300AB40AD /* MenuViewController.swift in Sources */ = {isa = PBXBuildFile; fileRef = C3E2EB332938E7F300AB40AD /* MenuViewController.swift */; };
		C3E2EB392938E7F400AB40AD /* Assets.xcassets in Resources */ = {isa = PBXBuildFile; fileRef = C3E2EB382938E7F400AB40AD /* Assets.xcassets */; };
		C3E2EB4B2938EA6800AB40AD /* FlagsOfCountries.swift in Sources */ = {isa = PBXBuildFile; fileRef = C3E2EB4A2938EA6800AB40AD /* FlagsOfCountries.swift */; };
		C3E2EB4D2938ED6800AB40AD /* CountriesManager.swift in Sources */ = {isa = PBXBuildFile; fileRef = C3E2EB4C2938ED6800AB40AD /* CountriesManager.swift */; };
		C3E3C2DA295B602900054A1F /* AlertController.swift in Sources */ = {isa = PBXBuildFile; fileRef = C3E3C2D9295B602900054A1F /* AlertController.swift */; };
		C3E7C9942A7B68AA0046A883 /* GameTypeViewController.swift in Sources */ = {isa = PBXBuildFile; fileRef = C3E7C9932A7B68AA0046A883 /* GameTypeViewController.swift */; };
		C3E7C9962A7C19F80046A883 /* GameType.swift in Sources */ = {isa = PBXBuildFile; fileRef = C3E7C9952A7C19F80046A883 /* GameType.swift */; };
		C3F24F6F2A76A3A200B931E4 /* QuizOfFlagsDetailsViewController.swift in Sources */ = {isa = PBXBuildFile; fileRef = C3F24F6E2A76A3A200B931E4 /* QuizOfFlagsDetailsViewController.swift */; };
/* End PBXBuildFile section */

/* Begin PBXFileReference section */
		C340723A2A690F4F00E5C9A4 /* UIColorManager.swift */ = {isa = PBXFileReference; lastKnownFileType = sourcecode.swift; path = UIColorManager.swift; sourceTree = "<group>"; };
		C34EC06F2986694900300585 /* Results.swift */ = {isa = PBXFileReference; lastKnownFileType = sourcecode.swift; path = Results.swift; sourceTree = "<group>"; };
		C36773F0296BF9E10096BCC5 /* QuizOfFlagsViewController.swift */ = {isa = PBXFileReference; lastKnownFileType = sourcecode.swift; path = QuizOfFlagsViewController.swift; sourceTree = "<group>"; };
		C36773F2296C3B880096BCC5 /* Transition.swift */ = {isa = PBXFileReference; lastKnownFileType = sourcecode.swift; path = Transition.swift; sourceTree = "<group>"; };
		C36F58F72A7288FB0023E98F /* UIButton + Extension.swift */ = {isa = PBXFileReference; lastKnownFileType = sourcecode.swift; path = "UIButton + Extension.swift"; sourceTree = "<group>"; };
		C376AC062947261D00DE5E86 /* Setting.swift */ = {isa = PBXFileReference; lastKnownFileType = sourcecode.swift; path = Setting.swift; sourceTree = "<group>"; };
		C376AC0829474EB400DE5E86 /* StorageManager.swift */ = {isa = PBXFileReference; lastKnownFileType = sourcecode.swift; path = StorageManager.swift; sourceTree = "<group>"; };
		C38139EA293C9A890067D374 /* echorevival.otf */ = {isa = PBXFileReference; lastKnownFileType = file; path = echorevival.otf; sourceTree = "<group>"; };
		C38C023E2981025C008C2202 /* ResultsViewController.swift */ = {isa = PBXFileReference; lastKnownFileType = sourcecode.swift; path = ResultsViewController.swift; sourceTree = "<group>"; };
		C3B35F1F293FADC300A8493F /* fontick.otf */ = {isa = PBXFileReference; lastKnownFileType = file; path = fontick.otf; sourceTree = "<group>"; };
		C3D292EA293F5F0900786752 /* SettingViewController.swift */ = {isa = PBXFileReference; lastKnownFileType = sourcecode.swift; path = SettingViewController.swift; sourceTree = "<group>"; };
		C3E2EB2C2938E7F300AB40AD /* CountriesQuiz.app */ = {isa = PBXFileReference; explicitFileType = wrapper.application; includeInIndex = 0; path = CountriesQuiz.app; sourceTree = BUILT_PRODUCTS_DIR; };
		C3E2EB2F2938E7F300AB40AD /* AppDelegate.swift */ = {isa = PBXFileReference; lastKnownFileType = sourcecode.swift; path = AppDelegate.swift; sourceTree = "<group>"; };
		C3E2EB312938E7F300AB40AD /* SceneDelegate.swift */ = {isa = PBXFileReference; lastKnownFileType = sourcecode.swift; path = SceneDelegate.swift; sourceTree = "<group>"; };
		C3E2EB332938E7F300AB40AD /* MenuViewController.swift */ = {isa = PBXFileReference; lastKnownFileType = sourcecode.swift; path = MenuViewController.swift; sourceTree = "<group>"; };
		C3E2EB382938E7F400AB40AD /* Assets.xcassets */ = {isa = PBXFileReference; lastKnownFileType = folder.assetcatalog; path = Assets.xcassets; sourceTree = "<group>"; };
		C3E2EB3D2938E7F400AB40AD /* Info.plist */ = {isa = PBXFileReference; lastKnownFileType = text.plist.xml; path = Info.plist; sourceTree = "<group>"; };
		C3E2EB4A2938EA6800AB40AD /* FlagsOfCountries.swift */ = {isa = PBXFileReference; lastKnownFileType = sourcecode.swift; path = FlagsOfCountries.swift; sourceTree = "<group>"; };
		C3E2EB4C2938ED6800AB40AD /* CountriesManager.swift */ = {isa = PBXFileReference; lastKnownFileType = sourcecode.swift; path = CountriesManager.swift; sourceTree = "<group>"; };
		C3E3C2D9295B602900054A1F /* AlertController.swift */ = {isa = PBXFileReference; lastKnownFileType = sourcecode.swift; path = AlertController.swift; sourceTree = "<group>"; };
		C3E7C9932A7B68AA0046A883 /* GameTypeViewController.swift */ = {isa = PBXFileReference; lastKnownFileType = sourcecode.swift; path = GameTypeViewController.swift; sourceTree = "<group>"; };
		C3E7C9952A7C19F80046A883 /* GameType.swift */ = {isa = PBXFileReference; lastKnownFileType = sourcecode.swift; path = GameType.swift; sourceTree = "<group>"; };
		C3F24F6E2A76A3A200B931E4 /* QuizOfFlagsDetailsViewController.swift */ = {isa = PBXFileReference; lastKnownFileType = sourcecode.swift; path = QuizOfFlagsDetailsViewController.swift; sourceTree = "<group>"; };
/* End PBXFileReference section */

/* Begin PBXFrameworksBuildPhase section */
		C3E2EB292938E7F300AB40AD /* Frameworks */ = {
			isa = PBXFrameworksBuildPhase;
			buildActionMask = 2147483647;
			files = (
			);
			runOnlyForDeploymentPostprocessing = 0;
		};
/* End PBXFrameworksBuildPhase section */

/* Begin PBXGroup section */
		C34072392A690F3500E5C9A4 /* Extensions + UIKit */ = {
			isa = PBXGroup;
			children = (
				C340723A2A690F4F00E5C9A4 /* UIColorManager.swift */,
				C36F58F72A7288FB0023E98F /* UIButton + Extension.swift */,
			);
			path = "Extensions + UIKit";
			sourceTree = "<group>";
		};
		C36773F4296D541E0096BCC5 /* AnimatedTransition */ = {
			isa = PBXGroup;
			children = (
				C36773F2296C3B880096BCC5 /* Transition.swift */,
			);
			path = AnimatedTransition;
			sourceTree = "<group>";
		};
		C38139E7293C9A1E0067D374 /* Fonts */ = {
			isa = PBXGroup;
			children = (
				C38139EA293C9A890067D374 /* echorevival.otf */,
				C3B35F1F293FADC300A8493F /* fontick.otf */,
			);
			path = Fonts;
			sourceTree = "<group>";
		};
		C3A5B9A12974258D000F15F0 /* Alert controller */ = {
			isa = PBXGroup;
			children = (
				C3E3C2D9295B602900054A1F /* AlertController.swift */,
			);
			path = "Alert controller";
			sourceTree = "<group>";
		};
		C3E2EB232938E7F300AB40AD = {
			isa = PBXGroup;
			children = (
				C3E2EB2E2938E7F300AB40AD /* CountriesQuiz */,
				C3E2EB2D2938E7F300AB40AD /* Products */,
			);
			sourceTree = "<group>";
		};
		C3E2EB2D2938E7F300AB40AD /* Products */ = {
			isa = PBXGroup;
			children = (
				C3E2EB2C2938E7F300AB40AD /* CountriesQuiz.app */,
			);
			name = Products;
			sourceTree = "<group>";
		};
		C3E2EB2E2938E7F300AB40AD /* CountriesQuiz */ = {
			isa = PBXGroup;
			children = (
				C3F983132A6026CD0084FAD3 /* Applications */,
				C38139E7293C9A1E0067D374 /* Fonts */,
				C3E2EB492938E92600AB40AD /* StorageManager */,
				C3E2EB472938E90D00AB40AD /* Models */,
				C3E2EB452938E8C800AB40AD /* Supporting */,
				C3E2EB442938E88100AB40AD /* ViewControllers */,
				C3A5B9A12974258D000F15F0 /* Alert controller */,
				C36773F4296D541E0096BCC5 /* AnimatedTransition */,
				C34072392A690F3500E5C9A4 /* Extensions + UIKit */,
				C3E2EB462938E8D100AB40AD /* Resources */,
			);
			path = CountriesQuiz;
			sourceTree = "<group>";
		};
		C3E2EB442938E88100AB40AD /* ViewControllers */ = {
			isa = PBXGroup;
			children = (
				C3E2EB332938E7F300AB40AD /* MenuViewController.swift */,
				C3E7C9932A7B68AA0046A883 /* GameTypeViewController.swift */,
				C36773F0296BF9E10096BCC5 /* QuizOfFlagsViewController.swift */,
				C3F24F6E2A76A3A200B931E4 /* QuizOfFlagsDetailsViewController.swift */,
				C3D292EA293F5F0900786752 /* SettingViewController.swift */,
				C38C023E2981025C008C2202 /* ResultsViewController.swift */,
			);
			path = ViewControllers;
			sourceTree = "<group>";
		};
		C3E2EB452938E8C800AB40AD /* Supporting */ = {
			isa = PBXGroup;
			children = (
				C3E2EB3D2938E7F400AB40AD /* Info.plist */,
			);
			path = Supporting;
			sourceTree = "<group>";
		};
		C3E2EB462938E8D100AB40AD /* Resources */ = {
			isa = PBXGroup;
			children = (
				C3E2EB382938E7F400AB40AD /* Assets.xcassets */,
			);
			path = Resources;
			sourceTree = "<group>";
		};
		C3E2EB472938E90D00AB40AD /* Models */ = {
			isa = PBXGroup;
			children = (
				C3E2EB4A2938EA6800AB40AD /* FlagsOfCountries.swift */,
				C3E2EB4C2938ED6800AB40AD /* CountriesManager.swift */,
				C376AC062947261D00DE5E86 /* Setting.swift */,
				C34EC06F2986694900300585 /* Results.swift */,
				C3E7C9952A7C19F80046A883 /* GameType.swift */,
			);
			path = Models;
			sourceTree = "<group>";
		};
		C3E2EB492938E92600AB40AD /* StorageManager */ = {
			isa = PBXGroup;
			children = (
				C376AC0829474EB400DE5E86 /* StorageManager.swift */,
			);
			path = StorageManager;
			sourceTree = "<group>";
		};
		C3F983132A6026CD0084FAD3 /* Applications */ = {
			isa = PBXGroup;
			children = (
				C3E2EB2F2938E7F300AB40AD /* AppDelegate.swift */,
				C3E2EB312938E7F300AB40AD /* SceneDelegate.swift */,
			);
			path = Applications;
			sourceTree = "<group>";
		};
/* End PBXGroup section */

/* Begin PBXNativeTarget section */
		C3E2EB2B2938E7F300AB40AD /* CountriesQuiz */ = {
			isa = PBXNativeTarget;
			buildConfigurationList = C3E2EB402938E7F400AB40AD /* Build configuration list for PBXNativeTarget "CountriesQuiz" */;
			buildPhases = (
				C3E2EB282938E7F300AB40AD /* Sources */,
				C3E2EB292938E7F300AB40AD /* Frameworks */,
				C3E2EB2A2938E7F300AB40AD /* Resources */,
			);
			buildRules = (
			);
			dependencies = (
			);
			name = CountriesQuiz;
			productName = CountriesQuiz;
			productReference = C3E2EB2C2938E7F300AB40AD /* CountriesQuiz.app */;
			productType = "com.apple.product-type.application";
		};
/* End PBXNativeTarget section */

/* Begin PBXProject section */
		C3E2EB242938E7F300AB40AD /* Project object */ = {
			isa = PBXProject;
			attributes = {
				BuildIndependentTargetsInParallel = 1;
				LastSwiftUpdateCheck = 1410;
				LastUpgradeCheck = 1410;
				TargetAttributes = {
					C3E2EB2B2938E7F300AB40AD = {
						CreatedOnToolsVersion = 14.1;
					};
				};
			};
			buildConfigurationList = C3E2EB272938E7F300AB40AD /* Build configuration list for PBXProject "CountriesQuiz" */;
			compatibilityVersion = "Xcode 14.0";
			developmentRegion = en;
			hasScannedForEncodings = 0;
			knownRegions = (
				en,
				Base,
			);
			mainGroup = C3E2EB232938E7F300AB40AD;
			productRefGroup = C3E2EB2D2938E7F300AB40AD /* Products */;
			projectDirPath = "";
			projectRoot = "";
			targets = (
				C3E2EB2B2938E7F300AB40AD /* CountriesQuiz */,
			);
		};
/* End PBXProject section */

/* Begin PBXResourcesBuildPhase section */
		C3E2EB2A2938E7F300AB40AD /* Resources */ = {
			isa = PBXResourcesBuildPhase;
			buildActionMask = 2147483647;
			files = (
				C38139EB293C9A890067D374 /* echorevival.otf in Resources */,
				C3E2EB392938E7F400AB40AD /* Assets.xcassets in Resources */,
				C3B35F20293FADC300A8493F /* fontick.otf in Resources */,
			);
			runOnlyForDeploymentPostprocessing = 0;
		};
/* End PBXResourcesBuildPhase section */

/* Begin PBXSourcesBuildPhase section */
		C3E2EB282938E7F300AB40AD /* Sources */ = {
			isa = PBXSourcesBuildPhase;
			buildActionMask = 2147483647;
			files = (
				C3E2EB342938E7F300AB40AD /* MenuViewController.swift in Sources */,
				C3F24F6F2A76A3A200B931E4 /* QuizOfFlagsDetailsViewController.swift in Sources */,
				C36773F1296BF9E10096BCC5 /* QuizOfFlagsViewController.swift in Sources */,
				C3E3C2DA295B602900054A1F /* AlertController.swift in Sources */,
				C3E2EB302938E7F300AB40AD /* AppDelegate.swift in Sources */,
				C3E2EB322938E7F300AB40AD /* SceneDelegate.swift in Sources */,
				C36F58F82A7288FB0023E98F /* UIButton + Extension.swift in Sources */,
				C36773F3296C3B880096BCC5 /* Transition.swift in Sources */,
				C38C023F2981025C008C2202 /* ResultsViewController.swift in Sources */,
				C3E2EB4D2938ED6800AB40AD /* CountriesManager.swift in Sources */,
				C3E2EB4B2938EA6800AB40AD /* FlagsOfCountries.swift in Sources */,
				C3E7C9962A7C19F80046A883 /* GameType.swift in Sources */,
				C3E7C9942A7B68AA0046A883 /* GameTypeViewController.swift in Sources */,
				C34EC0702986694900300585 /* Results.swift in Sources */,
				C376AC072947261D00DE5E86 /* Setting.swift in Sources */,
				C3D292EB293F5F0900786752 /* SettingViewController.swift in Sources */,
				C376AC0929474EB400DE5E86 /* StorageManager.swift in Sources */,
				C340723B2A690F4F00E5C9A4 /* UIColorManager.swift in Sources */,
			);
			runOnlyForDeploymentPostprocessing = 0;
		};
/* End PBXSourcesBuildPhase section */

/* Begin XCBuildConfiguration section */
		C3E2EB3E2938E7F400AB40AD /* Debug */ = {
			isa = XCBuildConfiguration;
			buildSettings = {
				ALWAYS_SEARCH_USER_PATHS = NO;
				CLANG_ANALYZER_NONNULL = YES;
				CLANG_ANALYZER_NUMBER_OBJECT_CONVERSION = YES_AGGRESSIVE;
				CLANG_CXX_LANGUAGE_STANDARD = "gnu++20";
				CLANG_ENABLE_MODULES = YES;
				CLANG_ENABLE_OBJC_ARC = YES;
				CLANG_ENABLE_OBJC_WEAK = YES;
				CLANG_WARN_BLOCK_CAPTURE_AUTORELEASING = YES;
				CLANG_WARN_BOOL_CONVERSION = YES;
				CLANG_WARN_COMMA = YES;
				CLANG_WARN_CONSTANT_CONVERSION = YES;
				CLANG_WARN_DEPRECATED_OBJC_IMPLEMENTATIONS = YES;
				CLANG_WARN_DIRECT_OBJC_ISA_USAGE = YES_ERROR;
				CLANG_WARN_DOCUMENTATION_COMMENTS = YES;
				CLANG_WARN_EMPTY_BODY = YES;
				CLANG_WARN_ENUM_CONVERSION = YES;
				CLANG_WARN_INFINITE_RECURSION = YES;
				CLANG_WARN_INT_CONVERSION = YES;
				CLANG_WARN_NON_LITERAL_NULL_CONVERSION = YES;
				CLANG_WARN_OBJC_IMPLICIT_RETAIN_SELF = YES;
				CLANG_WARN_OBJC_LITERAL_CONVERSION = YES;
				CLANG_WARN_OBJC_ROOT_CLASS = YES_ERROR;
				CLANG_WARN_QUOTED_INCLUDE_IN_FRAMEWORK_HEADER = YES;
				CLANG_WARN_RANGE_LOOP_ANALYSIS = YES;
				CLANG_WARN_STRICT_PROTOTYPES = YES;
				CLANG_WARN_SUSPICIOUS_MOVE = YES;
				CLANG_WARN_UNGUARDED_AVAILABILITY = YES_AGGRESSIVE;
				CLANG_WARN_UNREACHABLE_CODE = YES;
				CLANG_WARN__DUPLICATE_METHOD_MATCH = YES;
				COPY_PHASE_STRIP = NO;
				DEBUG_INFORMATION_FORMAT = dwarf;
				ENABLE_STRICT_OBJC_MSGSEND = YES;
				ENABLE_TESTABILITY = YES;
				GCC_C_LANGUAGE_STANDARD = gnu11;
				GCC_DYNAMIC_NO_PIC = NO;
				GCC_NO_COMMON_BLOCKS = YES;
				GCC_OPTIMIZATION_LEVEL = 0;
				GCC_PREPROCESSOR_DEFINITIONS = (
					"DEBUG=1",
					"$(inherited)",
				);
				GCC_WARN_64_TO_32_BIT_CONVERSION = YES;
				GCC_WARN_ABOUT_RETURN_TYPE = YES_ERROR;
				GCC_WARN_UNDECLARED_SELECTOR = YES;
				GCC_WARN_UNINITIALIZED_AUTOS = YES_AGGRESSIVE;
				GCC_WARN_UNUSED_FUNCTION = YES;
				GCC_WARN_UNUSED_VARIABLE = YES;
				IPHONEOS_DEPLOYMENT_TARGET = 16.1;
				MTL_ENABLE_DEBUG_INFO = INCLUDE_SOURCE;
				MTL_FAST_MATH = YES;
				ONLY_ACTIVE_ARCH = YES;
				SDKROOT = iphoneos;
				SWIFT_ACTIVE_COMPILATION_CONDITIONS = DEBUG;
				SWIFT_OPTIMIZATION_LEVEL = "-Onone";
			};
			name = Debug;
		};
		C3E2EB3F2938E7F400AB40AD /* Release */ = {
			isa = XCBuildConfiguration;
			buildSettings = {
				ALWAYS_SEARCH_USER_PATHS = NO;
				CLANG_ANALYZER_NONNULL = YES;
				CLANG_ANALYZER_NUMBER_OBJECT_CONVERSION = YES_AGGRESSIVE;
				CLANG_CXX_LANGUAGE_STANDARD = "gnu++20";
				CLANG_ENABLE_MODULES = YES;
				CLANG_ENABLE_OBJC_ARC = YES;
				CLANG_ENABLE_OBJC_WEAK = YES;
				CLANG_WARN_BLOCK_CAPTURE_AUTORELEASING = YES;
				CLANG_WARN_BOOL_CONVERSION = YES;
				CLANG_WARN_COMMA = YES;
				CLANG_WARN_CONSTANT_CONVERSION = YES;
				CLANG_WARN_DEPRECATED_OBJC_IMPLEMENTATIONS = YES;
				CLANG_WARN_DIRECT_OBJC_ISA_USAGE = YES_ERROR;
				CLANG_WARN_DOCUMENTATION_COMMENTS = YES;
				CLANG_WARN_EMPTY_BODY = YES;
				CLANG_WARN_ENUM_CONVERSION = YES;
				CLANG_WARN_INFINITE_RECURSION = YES;
				CLANG_WARN_INT_CONVERSION = YES;
				CLANG_WARN_NON_LITERAL_NULL_CONVERSION = YES;
				CLANG_WARN_OBJC_IMPLICIT_RETAIN_SELF = YES;
				CLANG_WARN_OBJC_LITERAL_CONVERSION = YES;
				CLANG_WARN_OBJC_ROOT_CLASS = YES_ERROR;
				CLANG_WARN_QUOTED_INCLUDE_IN_FRAMEWORK_HEADER = YES;
				CLANG_WARN_RANGE_LOOP_ANALYSIS = YES;
				CLANG_WARN_STRICT_PROTOTYPES = YES;
				CLANG_WARN_SUSPICIOUS_MOVE = YES;
				CLANG_WARN_UNGUARDED_AVAILABILITY = YES_AGGRESSIVE;
				CLANG_WARN_UNREACHABLE_CODE = YES;
				CLANG_WARN__DUPLICATE_METHOD_MATCH = YES;
				COPY_PHASE_STRIP = NO;
				DEBUG_INFORMATION_FORMAT = "dwarf-with-dsym";
				ENABLE_NS_ASSERTIONS = NO;
				ENABLE_STRICT_OBJC_MSGSEND = YES;
				GCC_C_LANGUAGE_STANDARD = gnu11;
				GCC_NO_COMMON_BLOCKS = YES;
				GCC_WARN_64_TO_32_BIT_CONVERSION = YES;
				GCC_WARN_ABOUT_RETURN_TYPE = YES_ERROR;
				GCC_WARN_UNDECLARED_SELECTOR = YES;
				GCC_WARN_UNINITIALIZED_AUTOS = YES_AGGRESSIVE;
				GCC_WARN_UNUSED_FUNCTION = YES;
				GCC_WARN_UNUSED_VARIABLE = YES;
				IPHONEOS_DEPLOYMENT_TARGET = 16.1;
				MTL_ENABLE_DEBUG_INFO = NO;
				MTL_FAST_MATH = YES;
				SDKROOT = iphoneos;
				SWIFT_COMPILATION_MODE = wholemodule;
				SWIFT_OPTIMIZATION_LEVEL = "-O";
				VALIDATE_PRODUCT = YES;
			};
			name = Release;
		};
		C3E2EB412938E7F400AB40AD /* Debug */ = {
			isa = XCBuildConfiguration;
			buildSettings = {
				ASSETCATALOG_COMPILER_APPICON_NAME = AppIcon;
				ASSETCATALOG_COMPILER_GLOBAL_ACCENT_COLOR_NAME = AccentColor;
				CODE_SIGN_STYLE = Automatic;
				CURRENT_PROJECT_VERSION = 1;
				DEVELOPMENT_TEAM = S4AD5RA4FS;
				GENERATE_INFOPLIST_FILE = YES;
				INFOPLIST_FILE = CountriesQuiz/Supporting/Info.plist;
				INFOPLIST_KEY_UIApplicationSupportsIndirectInputEvents = YES;
				INFOPLIST_KEY_UILaunchStoryboardName = LaunchScreen;
				INFOPLIST_KEY_UISupportedInterfaceOrientations = UIInterfaceOrientationPortrait;
				LD_RUNPATH_SEARCH_PATHS = (
					"$(inherited)",
					"@executable_path/Frameworks",
				);
				MARKETING_VERSION = 1.0;
				PRODUCT_BUNDLE_IDENTIFIER = Shagiakhmetov.CountriesQuiz;
				PRODUCT_NAME = "$(TARGET_NAME)";
				SUPPORTED_PLATFORMS = "iphoneos iphonesimulator";
				SUPPORTS_MACCATALYST = NO;
				SUPPORTS_MAC_DESIGNED_FOR_IPHONE_IPAD = NO;
				SWIFT_EMIT_LOC_STRINGS = YES;
				SWIFT_VERSION = 5.0;
				TARGETED_DEVICE_FAMILY = 1;
			};
			name = Debug;
		};
		C3E2EB422938E7F400AB40AD /* Release */ = {
			isa = XCBuildConfiguration;
			buildSettings = {
				ASSETCATALOG_COMPILER_APPICON_NAME = AppIcon;
				ASSETCATALOG_COMPILER_GLOBAL_ACCENT_COLOR_NAME = AccentColor;
				CODE_SIGN_STYLE = Automatic;
				CURRENT_PROJECT_VERSION = 1;
				DEVELOPMENT_TEAM = S4AD5RA4FS;
				GENERATE_INFOPLIST_FILE = YES;
				INFOPLIST_FILE = CountriesQuiz/Supporting/Info.plist;
				INFOPLIST_KEY_UIApplicationSupportsIndirectInputEvents = YES;
				INFOPLIST_KEY_UILaunchStoryboardName = LaunchScreen;
				INFOPLIST_KEY_UISupportedInterfaceOrientations = UIInterfaceOrientationPortrait;
				LD_RUNPATH_SEARCH_PATHS = (
					"$(inherited)",
					"@executable_path/Frameworks",
				);
				MARKETING_VERSION = 1.0;
				PRODUCT_BUNDLE_IDENTIFIER = Shagiakhmetov.CountriesQuiz;
				PRODUCT_NAME = "$(TARGET_NAME)";
				SUPPORTED_PLATFORMS = "iphoneos iphonesimulator";
				SUPPORTS_MACCATALYST = NO;
				SUPPORTS_MAC_DESIGNED_FOR_IPHONE_IPAD = NO;
				SWIFT_EMIT_LOC_STRINGS = YES;
				SWIFT_VERSION = 5.0;
				TARGETED_DEVICE_FAMILY = 1;
			};
			name = Release;
		};
/* End XCBuildConfiguration section */

/* Begin XCConfigurationList section */
		C3E2EB272938E7F300AB40AD /* Build configuration list for PBXProject "CountriesQuiz" */ = {
			isa = XCConfigurationList;
			buildConfigurations = (
				C3E2EB3E2938E7F400AB40AD /* Debug */,
				C3E2EB3F2938E7F400AB40AD /* Release */,
			);
			defaultConfigurationIsVisible = 0;
			defaultConfigurationName = Release;
		};
		C3E2EB402938E7F400AB40AD /* Build configuration list for PBXNativeTarget "CountriesQuiz" */ = {
			isa = XCConfigurationList;
			buildConfigurations = (
				C3E2EB412938E7F400AB40AD /* Debug */,
				C3E2EB422938E7F400AB40AD /* Release */,
			);
			defaultConfigurationIsVisible = 0;
			defaultConfigurationName = Release;
		};
/* End XCConfigurationList section */
	};
	rootObject = C3E2EB242938E7F300AB40AD /* Project object */;
}
